// !$*UTF8*$!
{
	archiveVersion = 1;
	classes = {
	};
	objectVersion = 48;
	objects = {

/* Begin PBXBuildFile section */
		424261181FE0AA8F00AC5BF7 /* Space.cpp in Sources */ = {isa = PBXBuildFile; fileRef = 424261161FE0AA8F00AC5BF7 /* Space.cpp */; };
		4244504A1FD8A6C900B7814A /* main.cpp in Sources */ = {isa = PBXBuildFile; fileRef = 424450491FD8A6C900B7814A /* main.cpp */; };
		424653FA1FDD773200A5613C /* Sphere.cpp in Sources */ = {isa = PBXBuildFile; fileRef = 424653F81FDD773200A5613C /* Sphere.cpp */; };
		424653FD1FDD77B600A5613C /* Utils.cpp in Sources */ = {isa = PBXBuildFile; fileRef = 424653FB1FDD77B600A5613C /* Utils.cpp */; };
		424654001FDD7FEF00A5613C /* Intersection.cpp in Sources */ = {isa = PBXBuildFile; fileRef = 424653FE1FDD7FEF00A5613C /* Intersection.cpp */; };
		424733371FEF18E500CA7C9E /* ReflectiveMaterial.cpp in Sources */ = {isa = PBXBuildFile; fileRef = 424733351FEF18E500CA7C9E /* ReflectiveMaterial.cpp */; };
		424896311FEB1C1F009909F3 /* LambertianMaterial.cpp in Sources */ = {isa = PBXBuildFile; fileRef = 4248962F1FEB1C1F009909F3 /* LambertianMaterial.cpp */; };
		4249370E1FE577D80047B119 /* RandomNumGen.cpp in Sources */ = {isa = PBXBuildFile; fileRef = 4249370C1FE577D80047B119 /* RandomNumGen.cpp */; };
		4253F7F81FF14674003F0F2C /* RefractiveMaterial.cpp in Sources */ = {isa = PBXBuildFile; fileRef = 4253F7F61FF14674003F0F2C /* RefractiveMaterial.cpp */; };
		42AECAE41FE1CF9900729239 /* Camera.cpp in Sources */ = {isa = PBXBuildFile; fileRef = 42AECAE21FE1CF9900729239 /* Camera.cpp */; };
		42DCD40C1FD9FD9600C39D25 /* Ray.cpp in Sources */ = {isa = PBXBuildFile; fileRef = 42DCD40A1FD9FD9600C39D25 /* Ray.cpp */; };
/* End PBXBuildFile section */

/* Begin PBXCopyFilesBuildPhase section */
		424450441FD8A6C900B7814A /* CopyFiles */ = {
			isa = PBXCopyFilesBuildPhase;
			buildActionMask = 2147483647;
			dstPath = /usr/share/man/man1/;
			dstSubfolderSpec = 0;
			files = (
			);
			runOnlyForDeploymentPostprocessing = 1;
		};
/* End PBXCopyFilesBuildPhase section */

/* Begin PBXFileReference section */
		423FCBB91FE86F4F000ECD9B /* Material.h */ = {isa = PBXFileReference; lastKnownFileType = sourcecode.c.h; path = Material.h; sourceTree = "<group>"; };
		424261151FE0AA2500AC5BF7 /* HitTestable.h */ = {isa = PBXFileReference; lastKnownFileType = sourcecode.c.h; path = HitTestable.h; sourceTree = "<group>"; };
		424261161FE0AA8F00AC5BF7 /* Space.cpp */ = {isa = PBXFileReference; lastKnownFileType = sourcecode.cpp.cpp; path = Space.cpp; sourceTree = "<group>"; };
		424261171FE0AA8F00AC5BF7 /* Space.hpp */ = {isa = PBXFileReference; lastKnownFileType = sourcecode.cpp.h; path = Space.hpp; sourceTree = "<group>"; };
		424450461FD8A6C900B7814A /* SimpleRayTracer */ = {isa = PBXFileReference; explicitFileType = "compiled.mach-o.executable"; includeInIndex = 0; path = SimpleRayTracer; sourceTree = BUILT_PRODUCTS_DIR; };
		424450491FD8A6C900B7814A /* main.cpp */ = {isa = PBXFileReference; lastKnownFileType = sourcecode.cpp.cpp; path = main.cpp; sourceTree = "<group>"; };
		424653F81FDD773200A5613C /* Sphere.cpp */ = {isa = PBXFileReference; lastKnownFileType = sourcecode.cpp.cpp; path = Sphere.cpp; sourceTree = "<group>"; };
		424653F91FDD773200A5613C /* Sphere.hpp */ = {isa = PBXFileReference; lastKnownFileType = sourcecode.cpp.h; path = Sphere.hpp; sourceTree = "<group>"; };
		424653FB1FDD77B600A5613C /* Utils.cpp */ = {isa = PBXFileReference; lastKnownFileType = sourcecode.cpp.cpp; path = Utils.cpp; sourceTree = "<group>"; };
		424653FC1FDD77B600A5613C /* Utils.hpp */ = {isa = PBXFileReference; lastKnownFileType = sourcecode.cpp.h; path = Utils.hpp; sourceTree = "<group>"; };
		424653FE1FDD7FEF00A5613C /* Intersection.cpp */ = {isa = PBXFileReference; lastKnownFileType = sourcecode.cpp.cpp; path = Intersection.cpp; sourceTree = "<group>"; };
		424653FF1FDD7FEF00A5613C /* Intersection.hpp */ = {isa = PBXFileReference; lastKnownFileType = sourcecode.cpp.h; path = Intersection.hpp; sourceTree = "<group>"; };
		424733351FEF18E500CA7C9E /* ReflectiveMaterial.cpp */ = {isa = PBXFileReference; lastKnownFileType = sourcecode.cpp.cpp; path = ReflectiveMaterial.cpp; sourceTree = "<group>"; };
		424733361FEF18E500CA7C9E /* ReflectiveMaterial.hpp */ = {isa = PBXFileReference; lastKnownFileType = sourcecode.cpp.h; path = ReflectiveMaterial.hpp; sourceTree = "<group>"; };
		4248962F1FEB1C1F009909F3 /* LambertianMaterial.cpp */ = {isa = PBXFileReference; lastKnownFileType = sourcecode.cpp.cpp; path = LambertianMaterial.cpp; sourceTree = "<group>"; };
		424896301FEB1C1F009909F3 /* LambertianMaterial.hpp */ = {isa = PBXFileReference; lastKnownFileType = sourcecode.cpp.h; path = LambertianMaterial.hpp; sourceTree = "<group>"; };
		4249370C1FE577D80047B119 /* RandomNumGen.cpp */ = {isa = PBXFileReference; lastKnownFileType = sourcecode.cpp.cpp; path = RandomNumGen.cpp; sourceTree = "<group>"; };
		4249370D1FE577D80047B119 /* RandomNumGen.hpp */ = {isa = PBXFileReference; lastKnownFileType = sourcecode.cpp.h; path = RandomNumGen.hpp; sourceTree = "<group>"; };
		4253F7F61FF14674003F0F2C /* RefractiveMaterial.cpp */ = {isa = PBXFileReference; lastKnownFileType = sourcecode.cpp.cpp; path = RefractiveMaterial.cpp; sourceTree = "<group>"; };
		4253F7F71FF14674003F0F2C /* RefractiveMaterial.hpp */ = {isa = PBXFileReference; lastKnownFileType = sourcecode.cpp.h; path = RefractiveMaterial.hpp; sourceTree = "<group>"; };
		42AECAE21FE1CF9900729239 /* Camera.cpp */ = {isa = PBXFileReference; lastKnownFileType = sourcecode.cpp.cpp; path = Camera.cpp; sourceTree = "<group>"; };
		42AECAE31FE1CF9900729239 /* Camera.hpp */ = {isa = PBXFileReference; lastKnownFileType = sourcecode.cpp.h; path = Camera.hpp; sourceTree = "<group>"; };
		42DCD40A1FD9FD9600C39D25 /* Ray.cpp */ = {isa = PBXFileReference; lastKnownFileType = sourcecode.cpp.cpp; path = Ray.cpp; sourceTree = "<group>"; };
		42DCD40B1FD9FD9600C39D25 /* Ray.hpp */ = {isa = PBXFileReference; lastKnownFileType = sourcecode.cpp.h; path = Ray.hpp; sourceTree = "<group>"; };
/* End PBXFileReference section */

/* Begin PBXFrameworksBuildPhase section */
		424450431FD8A6C900B7814A /* Frameworks */ = {
			isa = PBXFrameworksBuildPhase;
			buildActionMask = 2147483647;
			files = (
			);
			runOnlyForDeploymentPostprocessing = 0;
		};
/* End PBXFrameworksBuildPhase section */

/* Begin PBXGroup section */
		4244503D1FD8A6C900B7814A = {
			isa = PBXGroup;
			children = (
				424450481FD8A6C900B7814A /* SimpleRayTracer */,
				424450471FD8A6C900B7814A /* Products */,
			);
			sourceTree = "<group>";
		};
		424450471FD8A6C900B7814A /* Products */ = {
			isa = PBXGroup;
			children = (
				424450461FD8A6C900B7814A /* SimpleRayTracer */,
			);
			name = Products;
			sourceTree = "<group>";
		};
		424450481FD8A6C900B7814A /* SimpleRayTracer */ = {
			isa = PBXGroup;
			children = (
				424450491FD8A6C900B7814A /* main.cpp */,
				42DCD40A1FD9FD9600C39D25 /* Ray.cpp */,
				42DCD40B1FD9FD9600C39D25 /* Ray.hpp */,
				424261151FE0AA2500AC5BF7 /* HitTestable.h */,
				42AECAE21FE1CF9900729239 /* Camera.cpp */,
				42AECAE31FE1CF9900729239 /* Camera.hpp */,
				424261161FE0AA8F00AC5BF7 /* Space.cpp */,
				424261171FE0AA8F00AC5BF7 /* Space.hpp */,
				424653F81FDD773200A5613C /* Sphere.cpp */,
				424653F91FDD773200A5613C /* Sphere.hpp */,
				424653FE1FDD7FEF00A5613C /* Intersection.cpp */,
				424653FF1FDD7FEF00A5613C /* Intersection.hpp */,
				424653FB1FDD77B600A5613C /* Utils.cpp */,
				424653FC1FDD77B600A5613C /* Utils.hpp */,
				4249370C1FE577D80047B119 /* RandomNumGen.cpp */,
				4249370D1FE577D80047B119 /* RandomNumGen.hpp */,
				4253F7F51FF14619003F0F2C /* Material */,
			);
			path = SimpleRayTracer;
			sourceTree = "<group>";
		};
		4253F7F51FF14619003F0F2C /* Material */ = {
			isa = PBXGroup;
			children = (
				423FCBB91FE86F4F000ECD9B /* Material.h */,
				4248962F1FEB1C1F009909F3 /* LambertianMaterial.cpp */,
				424896301FEB1C1F009909F3 /* LambertianMaterial.hpp */,
				424733351FEF18E500CA7C9E /* ReflectiveMaterial.cpp */,
				424733361FEF18E500CA7C9E /* ReflectiveMaterial.hpp */,
				4253F7F61FF14674003F0F2C /* RefractiveMaterial.cpp */,
				4253F7F71FF14674003F0F2C /* RefractiveMaterial.hpp */,
			);
			name = Material;
			sourceTree = "<group>";
		};
/* End PBXGroup section */

/* Begin PBXNativeTarget section */
		424450451FD8A6C900B7814A /* SimpleRayTracer */ = {
			isa = PBXNativeTarget;
			buildConfigurationList = 4244504D1FD8A6C900B7814A /* Build configuration list for PBXNativeTarget "SimpleRayTracer" */;
			buildPhases = (
				424450421FD8A6C900B7814A /* Sources */,
				424450431FD8A6C900B7814A /* Frameworks */,
				424450441FD8A6C900B7814A /* CopyFiles */,
				42DCD4091FD9FC5600C39D25 /* Generate image */,
				4253F7F91FF156C9003F0F2C /* Save image */,
			);
			buildRules = (
			);
			dependencies = (
			);
			name = SimpleRayTracer;
			productName = SimpleRayTracer;
			productReference = 424450461FD8A6C900B7814A /* SimpleRayTracer */;
			productType = "com.apple.product-type.tool";
		};
/* End PBXNativeTarget section */

/* Begin PBXProject section */
		4244503E1FD8A6C900B7814A /* Project object */ = {
			isa = PBXProject;
			attributes = {
				LastUpgradeCheck = 0910;
				ORGANIZATIONNAME = whackylabs;
				TargetAttributes = {
					424450451FD8A6C900B7814A = {
						CreatedOnToolsVersion = 9.1;
						ProvisioningStyle = Automatic;
					};
				};
			};
			buildConfigurationList = 424450411FD8A6C900B7814A /* Build configuration list for PBXProject "SimpleRayTracer" */;
			compatibilityVersion = "Xcode 8.0";
			developmentRegion = en;
			hasScannedForEncodings = 0;
			knownRegions = (
				en,
			);
			mainGroup = 4244503D1FD8A6C900B7814A;
			productRefGroup = 424450471FD8A6C900B7814A /* Products */;
			projectDirPath = "";
			projectRoot = "";
			targets = (
				424450451FD8A6C900B7814A /* SimpleRayTracer */,
			);
		};
/* End PBXProject section */

/* Begin PBXShellScriptBuildPhase section */
		4253F7F91FF156C9003F0F2C /* Save image */ = {
			isa = PBXShellScriptBuildPhase;
			buildActionMask = 2147483647;
			files = (
			);
			inputPaths = (
			);
			name = "Save image";
			outputPaths = (
			);
			runOnlyForDeploymentPostprocessing = 0;
			shellPath = /bin/sh;
			shellScript = " convert $SRCROOT/image.ppm $SRCROOT/images/014_camera.png";
		};
		42DCD4091FD9FC5600C39D25 /* Generate image */ = {
			isa = PBXShellScriptBuildPhase;
			buildActionMask = 12;
			files = (
			);
			inputPaths = (
			);
			name = "Generate image";
			outputPaths = (
			);
			runOnlyForDeploymentPostprocessing = 0;
			shellPath = /bin/sh;
			shellScript = "$BUILD_DIR/Debug/SimpleRayTracer > $SRCROOT/image.ppm";
		};
/* End PBXShellScriptBuildPhase section */

/* Begin PBXSourcesBuildPhase section */
		424450421FD8A6C900B7814A /* Sources */ = {
			isa = PBXSourcesBuildPhase;
			buildActionMask = 2147483647;
			files = (
				424733371FEF18E500CA7C9E /* ReflectiveMaterial.cpp in Sources */,
				42DCD40C1FD9FD9600C39D25 /* Ray.cpp in Sources */,
				424653FA1FDD773200A5613C /* Sphere.cpp in Sources */,
				424896311FEB1C1F009909F3 /* LambertianMaterial.cpp in Sources */,
				42AECAE41FE1CF9900729239 /* Camera.cpp in Sources */,
				424261181FE0AA8F00AC5BF7 /* Space.cpp in Sources */,
				4249370E1FE577D80047B119 /* RandomNumGen.cpp in Sources */,
				4244504A1FD8A6C900B7814A /* main.cpp in Sources */,
				424654001FDD7FEF00A5613C /* Intersection.cpp in Sources */,
				4253F7F81FF14674003F0F2C /* RefractiveMaterial.cpp in Sources */,
				424653FD1FDD77B600A5613C /* Utils.cpp in Sources */,
			);
			runOnlyForDeploymentPostprocessing = 0;
		};
/* End PBXSourcesBuildPhase section */

/* Begin XCBuildConfiguration section */
		4244504B1FD8A6C900B7814A /* Debug */ = {
			isa = XCBuildConfiguration;
			buildSettings = {
				ALWAYS_SEARCH_USER_PATHS = NO;
				CLANG_ANALYZER_NONNULL = YES;
				CLANG_ANALYZER_NUMBER_OBJECT_CONVERSION = YES_AGGRESSIVE;
				CLANG_CXX_LANGUAGE_STANDARD = "gnu++14";
				CLANG_CXX_LIBRARY = "libc++";
				CLANG_ENABLE_MODULES = YES;
				CLANG_ENABLE_OBJC_ARC = YES;
				CLANG_WARN_BLOCK_CAPTURE_AUTORELEASING = YES;
				CLANG_WARN_BOOL_CONVERSION = YES;
				CLANG_WARN_COMMA = YES;
				CLANG_WARN_CONSTANT_CONVERSION = YES;
				CLANG_WARN_DIRECT_OBJC_ISA_USAGE = YES_ERROR;
				CLANG_WARN_DOCUMENTATION_COMMENTS = YES;
				CLANG_WARN_EMPTY_BODY = YES;
				CLANG_WARN_ENUM_CONVERSION = YES;
				CLANG_WARN_INFINITE_RECURSION = YES;
				CLANG_WARN_INT_CONVERSION = YES;
				CLANG_WARN_NON_LITERAL_NULL_CONVERSION = YES;
				CLANG_WARN_OBJC_LITERAL_CONVERSION = YES;
				CLANG_WARN_OBJC_ROOT_CLASS = YES_ERROR;
				CLANG_WARN_RANGE_LOOP_ANALYSIS = YES;
				CLANG_WARN_STRICT_PROTOTYPES = YES;
				CLANG_WARN_SUSPICIOUS_MOVE = YES;
				CLANG_WARN_UNGUARDED_AVAILABILITY = YES_AGGRESSIVE;
				CLANG_WARN_UNREACHABLE_CODE = YES;
				CLANG_WARN__DUPLICATE_METHOD_MATCH = YES;
				CODE_SIGN_IDENTITY = "Mac Developer";
				COPY_PHASE_STRIP = NO;
				DEBUG_INFORMATION_FORMAT = dwarf;
				ENABLE_STRICT_OBJC_MSGSEND = YES;
				ENABLE_TESTABILITY = YES;
				GCC_C_LANGUAGE_STANDARD = gnu11;
				GCC_DYNAMIC_NO_PIC = NO;
				GCC_NO_COMMON_BLOCKS = YES;
				GCC_OPTIMIZATION_LEVEL = 0;
				GCC_PREPROCESSOR_DEFINITIONS = (
					"DEBUG=1",
					"$(inherited)",
				);
				GCC_WARN_64_TO_32_BIT_CONVERSION = YES;
				GCC_WARN_ABOUT_RETURN_TYPE = YES_ERROR;
				GCC_WARN_UNDECLARED_SELECTOR = YES;
				GCC_WARN_UNINITIALIZED_AUTOS = YES_AGGRESSIVE;
				GCC_WARN_UNUSED_FUNCTION = YES;
				GCC_WARN_UNUSED_VARIABLE = YES;
				MACOSX_DEPLOYMENT_TARGET = 10.13;
				MTL_ENABLE_DEBUG_INFO = YES;
				ONLY_ACTIVE_ARCH = YES;
				SDKROOT = macosx;
			};
			name = Debug;
		};
		4244504C1FD8A6C900B7814A /* Release */ = {
			isa = XCBuildConfiguration;
			buildSettings = {
				ALWAYS_SEARCH_USER_PATHS = NO;
				CLANG_ANALYZER_NONNULL = YES;
				CLANG_ANALYZER_NUMBER_OBJECT_CONVERSION = YES_AGGRESSIVE;
				CLANG_CXX_LANGUAGE_STANDARD = "gnu++14";
				CLANG_CXX_LIBRARY = "libc++";
				CLANG_ENABLE_MODULES = YES;
				CLANG_ENABLE_OBJC_ARC = YES;
				CLANG_WARN_BLOCK_CAPTURE_AUTORELEASING = YES;
				CLANG_WARN_BOOL_CONVERSION = YES;
				CLANG_WARN_COMMA = YES;
				CLANG_WARN_CONSTANT_CONVERSION = YES;
				CLANG_WARN_DIRECT_OBJC_ISA_USAGE = YES_ERROR;
				CLANG_WARN_DOCUMENTATION_COMMENTS = YES;
				CLANG_WARN_EMPTY_BODY = YES;
				CLANG_WARN_ENUM_CONVERSION = YES;
				CLANG_WARN_INFINITE_RECURSION = YES;
				CLANG_WARN_INT_CONVERSION = YES;
				CLANG_WARN_NON_LITERAL_NULL_CONVERSION = YES;
				CLANG_WARN_OBJC_LITERAL_CONVERSION = YES;
				CLANG_WARN_OBJC_ROOT_CLASS = YES_ERROR;
				CLANG_WARN_RANGE_LOOP_ANALYSIS = YES;
				CLANG_WARN_STRICT_PROTOTYPES = YES;
				CLANG_WARN_SUSPICIOUS_MOVE = YES;
				CLANG_WARN_UNGUARDED_AVAILABILITY = YES_AGGRESSIVE;
				CLANG_WARN_UNREACHABLE_CODE = YES;
				CLANG_WARN__DUPLICATE_METHOD_MATCH = YES;
				CODE_SIGN_IDENTITY = "Mac Developer";
				COPY_PHASE_STRIP = NO;
				DEBUG_INFORMATION_FORMAT = "dwarf-with-dsym";
				ENABLE_NS_ASSERTIONS = NO;
				ENABLE_STRICT_OBJC_MSGSEND = YES;
				GCC_C_LANGUAGE_STANDARD = gnu11;
				GCC_NO_COMMON_BLOCKS = YES;
				GCC_WARN_64_TO_32_BIT_CONVERSION = YES;
				GCC_WARN_ABOUT_RETURN_TYPE = YES_ERROR;
				GCC_WARN_UNDECLARED_SELECTOR = YES;
				GCC_WARN_UNINITIALIZED_AUTOS = YES_AGGRESSIVE;
				GCC_WARN_UNUSED_FUNCTION = YES;
				GCC_WARN_UNUSED_VARIABLE = YES;
				MACOSX_DEPLOYMENT_TARGET = 10.13;
				MTL_ENABLE_DEBUG_INFO = NO;
				SDKROOT = macosx;
			};
			name = Release;
		};
		4244504E1FD8A6C900B7814A /* Debug */ = {
			isa = XCBuildConfiguration;
			buildSettings = {
				CODE_SIGN_STYLE = Automatic;
				DEVELOPMENT_TEAM = B8H28JR3TT;
				PRODUCT_NAME = "$(TARGET_NAME)";
			};
			name = Debug;
		};
		4244504F1FD8A6C900B7814A /* Release */ = {
			isa = XCBuildConfiguration;
			buildSettings = {
				CODE_SIGN_STYLE = Automatic;
				DEVELOPMENT_TEAM = B8H28JR3TT;
				PRODUCT_NAME = "$(TARGET_NAME)";
			};
			name = Release;
		};
/* End XCBuildConfiguration section */

/* Begin XCConfigurationList section */
		424450411FD8A6C900B7814A /* Build configuration list for PBXProject "SimpleRayTracer" */ = {
			isa = XCConfigurationList;
			buildConfigurations = (
				4244504B1FD8A6C900B7814A /* Debug */,
				4244504C1FD8A6C900B7814A /* Release */,
			);
			defaultConfigurationIsVisible = 0;
			defaultConfigurationName = Release;
		};
		4244504D1FD8A6C900B7814A /* Build configuration list for PBXNativeTarget "SimpleRayTracer" */ = {
			isa = XCConfigurationList;
			buildConfigurations = (
				4244504E1FD8A6C900B7814A /* Debug */,
				4244504F1FD8A6C900B7814A /* Release */,
			);
			defaultConfigurationIsVisible = 0;
			defaultConfigurationName = Release;
		};
/* End XCConfigurationList section */
	};
	rootObject = 4244503E1FD8A6C900B7814A /* Project object */;
}
